// !$*UTF8*$!
{
	archiveVersion = 1;
	classes = {
	};
	objectVersion = 77;
	objects = {

/* Begin PBXBuildFile section */
		1995056D2D81728300069E55 /* README.md in Resources */ = {isa = PBXBuildFile; fileRef = 1995056C2D81728300069E55 /* README.md */; };
		19AF51D62D632A4C00A0AF39 /* Cocoa.framework in Frameworks */ = {isa = PBXBuildFile; fileRef = 19AF51D52D632A4C00A0AF39 /* Cocoa.framework */; };
		19EC02D92D719C69007972E3 /* GlyphsCore.framework in Frameworks */ = {isa = PBXBuildFile; fileRef = 19EC02D82D719C69007972E3 /* GlyphsCore.framework */; };
/* End PBXBuildFile section */

/* Begin PBXFileReference section */
		1995056C2D81728300069E55 /* README.md */ = {isa = PBXFileReference; lastKnownFileType = net.daringfireball.markdown; path = README.md; sourceTree = "<group>"; };
		19AF51D22D632A4C00A0AF39 /* GroupsShelf.glyphsPlugin */ = {isa = PBXFileReference; explicitFileType = wrapper.cfbundle; includeInIndex = 0; path = GroupsShelf.glyphsPlugin; sourceTree = BUILT_PRODUCTS_DIR; };
		19AF51D52D632A4C00A0AF39 /* Cocoa.framework */ = {isa = PBXFileReference; lastKnownFileType = wrapper.framework; name = Cocoa.framework; path = System/Library/Frameworks/Cocoa.framework; sourceTree = SDKROOT; };
		19EC02D82D719C69007972E3 /* GlyphsCore.framework */ = {isa = PBXFileReference; lastKnownFileType = wrapper.framework; name = GlyphsCore.framework; path = "../../../../Applications/Glyphs 3.app/Contents/Frameworks/GlyphsCore.framework"; sourceTree = "<group>"; };
/* End PBXFileReference section */

/* Begin PBXFileSystemSynchronizedBuildFileExceptionSet section */
		19AF51E02D632A4C00A0AF39 /* Exceptions for "GroupsShelf" folder in "GroupsShelf" target */ = {
			isa = PBXFileSystemSynchronizedBuildFileExceptionSet;
			membershipExceptions = (
				Info.plist,
			);
			target = 19AF51D12D632A4C00A0AF39 /* GroupsShelf */;
		};
/* End PBXFileSystemSynchronizedBuildFileExceptionSet section */

/* Begin PBXFileSystemSynchronizedGroupBuildPhaseMembershipExceptionSet section */
		19AF51E42D632A4C00A0AF39 /* Exceptions for "GroupsShelf" folder in "Copy Bundle Resources" phase from "GroupsShelf" target */ = {
			isa = PBXFileSystemSynchronizedGroupBuildPhaseMembershipExceptionSet;
			buildPhase = 19AF51D02D632A4C00A0AF39 /* Resources */;
			membershipExceptions = (
				"GroupsShelf-Prefix.pch",
			);
		};
/* End PBXFileSystemSynchronizedGroupBuildPhaseMembershipExceptionSet section */

/* Begin PBXFileSystemSynchronizedRootGroup section */
		19AF51D72D632A4C00A0AF39 /* GroupsShelf */ = {
			isa = PBXFileSystemSynchronizedRootGroup;
			exceptions = (
				19AF51E02D632A4C00A0AF39 /* Exceptions for "GroupsShelf" folder in "GroupsShelf" target */,
				19AF51E42D632A4C00A0AF39 /* Exceptions for "GroupsShelf" folder in "Copy Bundle Resources" phase from "GroupsShelf" target */,
			);
			path = GroupsShelf;
			sourceTree = "<group>";
		};
/* End PBXFileSystemSynchronizedRootGroup section */

/* Begin PBXFrameworksBuildPhase section */
		19AF51CF2D632A4C00A0AF39 /* Frameworks */ = {
			isa = PBXFrameworksBuildPhase;
			buildActionMask = 2147483647;
			files = (
				19EC02D92D719C69007972E3 /* GlyphsCore.framework in Frameworks */,
				19AF51D62D632A4C00A0AF39 /* Cocoa.framework in Frameworks */,
			);
			runOnlyForDeploymentPostprocessing = 0;
		};
/* End PBXFrameworksBuildPhase section */

/* Begin PBXGroup section */
		19AF51C92D632A4C00A0AF39 = {
			isa = PBXGroup;
			children = (
				1995056C2D81728300069E55 /* README.md */,
				19AF51D72D632A4C00A0AF39 /* GroupsShelf */,
				19AF51D42D632A4C00A0AF39 /* Frameworks */,
				19AF51D32D632A4C00A0AF39 /* Products */,
			);
			sourceTree = "<group>";
		};
		19AF51D32D632A4C00A0AF39 /* Products */ = {
			isa = PBXGroup;
			children = (
				19AF51D22D632A4C00A0AF39 /* GroupsShelf.glyphsPlugin */,
			);
			name = Products;
			sourceTree = "<group>";
		};
		19AF51D42D632A4C00A0AF39 /* Frameworks */ = {
			isa = PBXGroup;
			children = (
				19EC02D82D719C69007972E3 /* GlyphsCore.framework */,
				19AF51D52D632A4C00A0AF39 /* Cocoa.framework */,
			);
			name = Frameworks;
			sourceTree = "<group>";
		};
/* End PBXGroup section */

/* Begin PBXNativeTarget section */
		19AF51D12D632A4C00A0AF39 /* GroupsShelf */ = {
			isa = PBXNativeTarget;
			buildConfigurationList = 19AF51E12D632A4C00A0AF39 /* Build configuration list for PBXNativeTarget "GroupsShelf" */;
			buildPhases = (
				19AF51CE2D632A4C00A0AF39 /* Sources */,
				19AF51CF2D632A4C00A0AF39 /* Frameworks */,
				19AF51D02D632A4C00A0AF39 /* Resources */,
			);
			buildRules = (
			);
			dependencies = (
			);
			fileSystemSynchronizedGroups = (
				19AF51D72D632A4C00A0AF39 /* GroupsShelf */,
			);
			name = GroupsShelf;
			packageProductDependencies = (
			);
			productName = GroupsShelf;
			productReference = 19AF51D22D632A4C00A0AF39 /* GroupsShelf.glyphsPlugin */;
			productType = "com.apple.product-type.bundle";
		};
/* End PBXNativeTarget section */

/* Begin PBXProject section */
		19AF51CA2D632A4C00A0AF39 /* Project object */ = {
			isa = PBXProject;
			attributes = {
				BuildIndependentTargetsInParallel = 1;
				LastUpgradeCheck = 1600;
				TargetAttributes = {
					19AF51D12D632A4C00A0AF39 = {
						CreatedOnToolsVersion = 16.0;
					};
				};
			};
			buildConfigurationList = 19AF51CD2D632A4C00A0AF39 /* Build configuration list for PBXProject "GroupsShelf" */;
			developmentRegion = en;
			hasScannedForEncodings = 0;
			knownRegions = (
				en,
				Base,
			);
			mainGroup = 19AF51C92D632A4C00A0AF39;
			minimizedProjectReferenceProxies = 1;
			preferredProjectObjectVersion = 77;
			productRefGroup = 19AF51D32D632A4C00A0AF39 /* Products */;
			projectDirPath = "";
			projectRoot = "";
			targets = (
				19AF51D12D632A4C00A0AF39 /* GroupsShelf */,
			);
		};
/* End PBXProject section */

/* Begin PBXResourcesBuildPhase section */
		19AF51D02D632A4C00A0AF39 /* Resources */ = {
			isa = PBXResourcesBuildPhase;
			buildActionMask = 2147483647;
			files = (
				1995056D2D81728300069E55 /* README.md in Resources */,
			);
			runOnlyForDeploymentPostprocessing = 0;
		};
/* End PBXResourcesBuildPhase section */

/* Begin PBXSourcesBuildPhase section */
		19AF51CE2D632A4C00A0AF39 /* Sources */ = {
			isa = PBXSourcesBuildPhase;
			buildActionMask = 2147483647;
			files = (
			);
			runOnlyForDeploymentPostprocessing = 0;
		};
/* End PBXSourcesBuildPhase section */

/* Begin XCBuildConfiguration section */
		19AF51E22D632A4C00A0AF39 /* Debug */ = {
			isa = XCBuildConfiguration;
			buildSettings = {
				CODE_SIGN_STYLE = Automatic;
				CURRENT_PROJECT_VERSION = 1;
				DEPLOYMENT_LOCATION = YES;
				DEVELOPMENT_TEAM = CS8T494DL4;
				DSTROOT = "$(USER_LIBRARY_DIR)/Application Support/Glyphs 3/Plugins";
				FRAMEWORK_SEARCH_PATHS = "\"$(SYSTEM_APPS_DIR)/Glyphs 3.app/Contents/Frameworks\"";
				GCC_PREFIX_HEADER = "GroupsShelf/GroupsShelf-Prefix.pch";
				GENERATE_INFOPLIST_FILE = YES;
				INSTALL_PATH = /;
				MARKETING_VERSION = 1.0;
				PRODUCT_BUNDLE_IDENTIFIER = pk.GroupsShelf;
				PRODUCT_NAME = "$(TARGET_NAME)";
				SKIP_INSTALL = NO;
				SWIFT_EMIT_LOC_STRINGS = YES;
				WRAPPER_EXTENSION = glyphsPlugin;
			};
			name = Debug;
		};
		19AF51E32D632A4C00A0AF39 /* Release */ = {
			isa = XCBuildConfiguration;
			buildSettings = {
				CODE_SIGN_STYLE = Automatic;
				CURRENT_PROJECT_VERSION = 1;
				DEVELOPMENT_TEAM = CS8T494DL4;
				FRAMEWORK_SEARCH_PATHS = "\"$(SYSTEM_APPS_DIR)/Glyphs 3.app/Contents/Frameworks\"";
				GCC_PREFIX_HEADER = "GroupsShelf/GroupsShelf-Prefix.pch";
				GENERATE_INFOPLIST_FILE = YES;
				INSTALL_PATH = /;
				MARKETING_VERSION = 1.0;
				PRODUCT_BUNDLE_IDENTIFIER = pk.GroupsShelf;
				PRODUCT_NAME = "$(TARGET_NAME)";
				SWIFT_EMIT_LOC_STRINGS = YES;
				WRAPPER_EXTENSION = glyphsPlugin;
			};
			name = Release;
		};
		19AF51E52D632A4C00A0AF39 /* Debug */ = {
			isa = XCBuildConfiguration;
			buildSettings = {
				ALWAYS_SEARCH_USER_PATHS = NO;
				ASSETCATALOG_COMPILER_GENERATE_SWIFT_ASSET_SYMBOL_EXTENSIONS = YES;
				CLANG_ANALYZER_NONNULL = YES;
				CLANG_ANALYZER_NUMBER_OBJECT_CONVERSION = YES_AGGRESSIVE;
				CLANG_CXX_LANGUAGE_STANDARD = "gnu++20";
				CLANG_ENABLE_MODULES = YES;
				CLANG_ENABLE_OBJC_ARC = YES;
				CLANG_ENABLE_OBJC_WEAK = YES;
				CLANG_WARN_BLOCK_CAPTURE_AUTORELEASING = YES;
				CLANG_WARN_BOOL_CONVERSION = YES;
				CLANG_WARN_COMMA = YES;
				CLANG_WARN_CONSTANT_CONVERSION = YES;
				CLANG_WARN_DEPRECATED_OBJC_IMPLEMENTATIONS = YES;
				CLANG_WARN_DIRECT_OBJC_ISA_USAGE = YES_ERROR;
				CLANG_WARN_DOCUMENTATION_COMMENTS = YES;
				CLANG_WARN_EMPTY_BODY = YES;
				CLANG_WARN_ENUM_CONVERSION = YES;
				CLANG_WARN_INFINITE_RECURSION = YES;
				CLANG_WARN_INT_CONVERSION = YES;
				CLANG_WARN_NON_LITERAL_NULL_CONVERSION = YES;
				CLANG_WARN_OBJC_IMPLICIT_RETAIN_SELF = YES;
				CLANG_WARN_OBJC_LITERAL_CONVERSION = YES;
				CLANG_WARN_OBJC_ROOT_CLASS = YES_ERROR;
				CLANG_WARN_QUOTED_INCLUDE_IN_FRAMEWORK_HEADER = YES;
				CLANG_WARN_RANGE_LOOP_ANALYSIS = YES;
				CLANG_WARN_STRICT_PROTOTYPES = YES;
				CLANG_WARN_SUSPICIOUS_MOVE = YES;
				CLANG_WARN_UNGUARDED_AVAILABILITY = YES_AGGRESSIVE;
				CLANG_WARN_UNREACHABLE_CODE = YES;
				CLANG_WARN__DUPLICATE_METHOD_MATCH = YES;
				COPY_PHASE_STRIP = NO;
				DEBUG_INFORMATION_FORMAT = dwarf;
				ENABLE_STRICT_OBJC_MSGSEND = YES;
				ENABLE_TESTABILITY = YES;
				ENABLE_USER_SCRIPT_SANDBOXING = YES;
				GCC_C_LANGUAGE_STANDARD = gnu17;
				GCC_DYNAMIC_NO_PIC = NO;
				GCC_NO_COMMON_BLOCKS = YES;
				GCC_OPTIMIZATION_LEVEL = 0;
				GCC_PREPROCESSOR_DEFINITIONS = (
					"DEBUG=1",
					"$(inherited)",
				);
				GCC_WARN_64_TO_32_BIT_CONVERSION = YES;
				GCC_WARN_ABOUT_RETURN_TYPE = YES_ERROR;
				GCC_WARN_UNDECLARED_SELECTOR = YES;
				GCC_WARN_UNINITIALIZED_AUTOS = YES_AGGRESSIVE;
				GCC_WARN_UNUSED_FUNCTION = YES;
				GCC_WARN_UNUSED_VARIABLE = YES;
				LOCALIZATION_PREFERS_STRING_CATALOGS = YES;
				MACOSX_DEPLOYMENT_TARGET = 15.0;
				MTL_ENABLE_DEBUG_INFO = INCLUDE_SOURCE;
				MTL_FAST_MATH = YES;
				ONLY_ACTIVE_ARCH = NO;
				SDKROOT = macosx;
			};
			name = Debug;
		};
		19AF51E62D632A4C00A0AF39 /* Release */ = {
			isa = XCBuildConfiguration;
			buildSettings = {
				ALWAYS_SEARCH_USER_PATHS = NO;
				ASSETCATALOG_COMPILER_GENERATE_SWIFT_ASSET_SYMBOL_EXTENSIONS = YES;
				CLANG_ANALYZER_NONNULL = YES;
				CLANG_ANALYZER_NUMBER_OBJECT_CONVERSION = YES_AGGRESSIVE;
				CLANG_CXX_LANGUAGE_STANDARD = "gnu++20";
				CLANG_ENABLE_MODULES = YES;
				CLANG_ENABLE_OBJC_ARC = YES;
				CLANG_ENABLE_OBJC_WEAK = YES;
				CLANG_WARN_BLOCK_CAPTURE_AUTORELEASING = YES;
				CLANG_WARN_BOOL_CONVERSION = YES;
				CLANG_WARN_COMMA = YES;
				CLANG_WARN_CONSTANT_CONVERSION = YES;
				CLANG_WARN_DEPRECATED_OBJC_IMPLEMENTATIONS = YES;
				CLANG_WARN_DIRECT_OBJC_ISA_USAGE = YES_ERROR;
				CLANG_WARN_DOCUMENTATION_COMMENTS = YES;
				CLANG_WARN_EMPTY_BODY = YES;
				CLANG_WARN_ENUM_CONVERSION = YES;
				CLANG_WARN_INFINITE_RECURSION = YES;
				CLANG_WARN_INT_CONVERSION = YES;
				CLANG_WARN_NON_LITERAL_NULL_CONVERSION = YES;
				CLANG_WARN_OBJC_IMPLICIT_RETAIN_SELF = YES;
				CLANG_WARN_OBJC_LITERAL_CONVERSION = YES;
				CLANG_WARN_OBJC_ROOT_CLASS = YES_ERROR;
				CLANG_WARN_QUOTED_INCLUDE_IN_FRAMEWORK_HEADER = YES;
				CLANG_WARN_RANGE_LOOP_ANALYSIS = YES;
				CLANG_WARN_STRICT_PROTOTYPES = YES;
				CLANG_WARN_SUSPICIOUS_MOVE = YES;
				CLANG_WARN_UNGUARDED_AVAILABILITY = YES_AGGRESSIVE;
				CLANG_WARN_UNREACHABLE_CODE = YES;
				CLANG_WARN__DUPLICATE_METHOD_MATCH = YES;
				COPY_PHASE_STRIP = NO;
				DEBUG_INFORMATION_FORMAT = "dwarf-with-dsym";
				ENABLE_NS_ASSERTIONS = NO;
				ENABLE_STRICT_OBJC_MSGSEND = YES;
				ENABLE_USER_SCRIPT_SANDBOXING = YES;
				GCC_C_LANGUAGE_STANDARD = gnu17;
				GCC_NO_COMMON_BLOCKS = YES;
				GCC_WARN_64_TO_32_BIT_CONVERSION = YES;
				GCC_WARN_ABOUT_RETURN_TYPE = YES_ERROR;
				GCC_WARN_UNDECLARED_SELECTOR = YES;
				GCC_WARN_UNINITIALIZED_AUTOS = YES_AGGRESSIVE;
				GCC_WARN_UNUSED_FUNCTION = YES;
				GCC_WARN_UNUSED_VARIABLE = YES;
				LOCALIZATION_PREFERS_STRING_CATALOGS = YES;
				MACOSX_DEPLOYMENT_TARGET = 15.0;
				MTL_ENABLE_DEBUG_INFO = NO;
				MTL_FAST_MATH = YES;
				ONLY_ACTIVE_ARCH = NO;
				SDKROOT = macosx;
			};
			name = Release;
		};
/* End XCBuildConfiguration section */

/* Begin XCConfigurationList section */
		19AF51CD2D632A4C00A0AF39 /* Build configuration list for PBXProject "GroupsShelf" */ = {
			isa = XCConfigurationList;
			buildConfigurations = (
				19AF51E52D632A4C00A0AF39 /* Debug */,
				19AF51E62D632A4C00A0AF39 /* Release */,
			);
			defaultConfigurationIsVisible = 0;
			defaultConfigurationName = Release;
		};
		19AF51E12D632A4C00A0AF39 /* Build configuration list for PBXNativeTarget "GroupsShelf" */ = {
			isa = XCConfigurationList;
			buildConfigurations = (
				19AF51E22D632A4C00A0AF39 /* Debug */,
				19AF51E32D632A4C00A0AF39 /* Release */,
			);
			defaultConfigurationIsVisible = 0;
			defaultConfigurationName = Release;
		};
/* End XCConfigurationList section */
	};
	rootObject = 19AF51CA2D632A4C00A0AF39 /* Project object */;
}
